
Microsoft Visual Studio Solution File, Format Version 12.00
# Visual Studio Version 17
VisualStudioVersion = 17.5.001.0
MinimumVisualStudioVersion = 10.0.40219.1
Project("{9A19103F-16F7-4668-BE54-9A1E7A4F7556}") = "dotnet-web-mvc-project-template", "dotnet-web-mvc-project-template.csproj", "{DD351AD6-73FB-4797-9E75-0C8AFCE87969}"
EndProject
Global
	GlobalSection(SolutionConfigurationPlatforms) = preSolution
		Debug|Any CPU = Debug|Any CPU
		Release|Any CPU = Release|Any CPU
	EndGlobalSection
	GlobalSection(ProjectConfigurationPlatforms) = postSolution
		{DD351AD6-73FB-4797-9E75-0C8AFCE87969}.Debug|Any CPU.ActiveCfg = Debug|Any CPU
		{DD351AD6-73FB-4797-9E75-0C8AFCE87969}.Debug|Any CPU.Build.0 = Debug|Any CPU
		{DD351AD6-73FB-4797-9E75-0C8AFCE87969}.Release|Any CPU.ActiveCfg = Release|Any CPU
		{DD351AD6-73FB-4797-9E75-0C8AFCE87969}.Release|Any CPU.Build.0 = Release|Any CPU
	EndGlobalSection
	GlobalSection(SolutionProperties) = preSolution
		HideSolutionNode = FALSE
	EndGlobalSection
	GlobalSection(ExtensibilityGlobals) = postSolution
		SolutionGuid = {7C1FA5BE-499C-4A75-964A-D27E08F5D3C7}
	EndGlobalSection
EndGlobal
